
Microsoft Visual Studio Solution File, Format Version 12.00
# Visual Studio Version 17
VisualStudioVersion = 17.5.002.0
MinimumVisualStudioVersion = 10.0.40219.1
Project("{9A19103F-16F7-4668-BE54-9A1E7A4F7556}") = "UsuariosApi", "UsuariosApi.csproj", "{7F064098-C520-4072-8E63-4E527D68F539}"
EndProject
Global
	GlobalSection(SolutionConfigurationPlatforms) = preSolution
		Debug|Any CPU = Debug|Any CPU
		Release|Any CPU = Release|Any CPU
	EndGlobalSection
	GlobalSection(ProjectConfigurationPlatforms) = postSolution
		{7F064098-C520-4072-8E63-4E527D68F539}.Debug|Any CPU.ActiveCfg = Debug|Any CPU
		{7F064098-C520-4072-8E63-4E527D68F539}.Debug|Any CPU.Build.0 = Debug|Any CPU
		{7F064098-C520-4072-8E63-4E527D68F539}.Release|Any CPU.ActiveCfg = Release|Any CPU
		{7F064098-C520-4072-8E63-4E527D68F539}.Release|Any CPU.Build.0 = Release|Any CPU
	EndGlobalSection
	GlobalSection(SolutionProperties) = preSolution
		HideSolutionNode = FALSE
	EndGlobalSection
	GlobalSection(ExtensibilityGlobals) = postSolution
		SolutionGuid = {E97ACC69-26CD-4084-82B9-4D7B5779F47C}
	EndGlobalSection
EndGlobal
